
Microsoft Visual Studio Solution File, Format Version 12.00
# Visual Studio Version 17
VisualStudioVersion = 17.11.35431.28
MinimumVisualStudioVersion = 10.0.40219.1
Project("{FAE04EC0-301F-11D3-BF4B-00C04F79EFBC}") = "Quiz_App", "Quiz_App\Quiz_App.csproj", "{256E8310-31A2-46B1-B4EA-027078EEBC4E}"
EndProject
Global
	GlobalSection(SolutionConfigurationPlatforms) = preSolution
		Debug|Any CPU = Debug|Any CPU
		Release|Any CPU = Release|Any CPU
	EndGlobalSection
	GlobalSection(ProjectConfigurationPlatforms) = postSolution
		{256E8310-31A2-46B1-B4EA-027078EEBC4E}.Debug|Any CPU.ActiveCfg = Debug|Any CPU
		{256E8310-31A2-46B1-B4EA-027078EEBC4E}.Debug|Any CPU.Build.0 = Debug|Any CPU
		{256E8310-31A2-46B1-B4EA-027078EEBC4E}.Release|Any CPU.ActiveCfg = Release|Any CPU
		{256E8310-31A2-46B1-B4EA-027078EEBC4E}.Release|Any CPU.Build.0 = Release|Any CPU
	EndGlobalSection
	GlobalSection(SolutionProperties) = preSolution
		HideSolutionNode = FALSE
	EndGlobalSection
	GlobalSection(ExtensibilityGlobals) = postSolution
		SolutionGuid = {91CD94B6-2CF3-4A45-B727-E41E363053B3}
	EndGlobalSection
EndGlobal
